
Microsoft Visual Studio Solution File, Format Version 12.00
# Visual Studio Version 17
VisualStudioVersion = 17.11.35327.3
MinimumVisualStudioVersion = 10.0.40219.1
Project("{FAE04EC0-301F-11D3-BF4B-00C04F79EFBC}") = "assignment7", "assignment7\assignment7.csproj", "{22EC4CAE-4B5A-4E41-BA26-6EAF6FE0FA88}"
EndProject
Global
	GlobalSection(SolutionConfigurationPlatforms) = preSolution
		Debug|Any CPU = Debug|Any CPU
		Release|Any CPU = Release|Any CPU
	EndGlobalSection
	GlobalSection(ProjectConfigurationPlatforms) = postSolution
		{22EC4CAE-4B5A-4E41-BA26-6EAF6FE0FA88}.Debug|Any CPU.ActiveCfg = Debug|Any CPU
		{22EC4CAE-4B5A-4E41-BA26-6EAF6FE0FA88}.Debug|Any CPU.Build.0 = Debug|Any CPU
		{22EC4CAE-4B5A-4E41-BA26-6EAF6FE0FA88}.Release|Any CPU.ActiveCfg = Release|Any CPU
		{22EC4CAE-4B5A-4E41-BA26-6EAF6FE0FA88}.Release|Any CPU.Build.0 = Release|Any CPU
	EndGlobalSection
	GlobalSection(SolutionProperties) = preSolution
		HideSolutionNode = FALSE
	EndGlobalSection
	GlobalSection(ExtensibilityGlobals) = postSolution
		SolutionGuid = {AFC4D938-9475-4B47-AFBD-3E181C313449}
	EndGlobalSection
EndGlobal
